
Microsoft Visual Studio Solution File, Format Version 12.00
# Visual Studio Version 17
VisualStudioVersion = 17.9.34728.123
MinimumVisualStudioVersion = 10.0.40219.1
Project("{FAE04EC0-301F-11D3-BF4B-00C04F79EFBC}") = "PickRandomCards", "PickRandomCards\PickRandomCards.csproj", "{F1B864E8-ABBA-4B60-BFDB-9C68444DEF7F}"
EndProject
Global
	GlobalSection(SolutionConfigurationPlatforms) = preSolution
		Debug|Any CPU = Debug|Any CPU
		Release|Any CPU = Release|Any CPU
	EndGlobalSection
	GlobalSection(ProjectConfigurationPlatforms) = postSolution
		{F1B864E8-ABBA-4B60-BFDB-9C68444DEF7F}.Debug|Any CPU.ActiveCfg = Debug|Any CPU
		{F1B864E8-ABBA-4B60-BFDB-9C68444DEF7F}.Debug|Any CPU.Build.0 = Debug|Any CPU
		{F1B864E8-ABBA-4B60-BFDB-9C68444DEF7F}.Release|Any CPU.ActiveCfg = Release|Any CPU
		{F1B864E8-ABBA-4B60-BFDB-9C68444DEF7F}.Release|Any CPU.Build.0 = Release|Any CPU
	EndGlobalSection
	GlobalSection(SolutionProperties) = preSolution
		HideSolutionNode = FALSE
	EndGlobalSection
	GlobalSection(ExtensibilityGlobals) = postSolution
		SolutionGuid = {55F132D6-7D19-49E0-B4F0-7F2C67F60799}
	EndGlobalSection
EndGlobal
